
Microsoft Visual Studio Solution File, Format Version 12.00
# Visual Studio 15
VisualStudioVersion = 15.0.27703.2035
MinimumVisualStudioVersion = 10.0.40219.1
Project("{FAE04EC0-301F-11D3-BF4B-00C04F79EFBC}") = "BlazorTest.Server", "BlazorTest.Server\BlazorTest.Server.csproj", "{0074E7DB-618B-41DA-B383-17D1DFFAE7A0}"
EndProject
Project("{FAE04EC0-301F-11D3-BF4B-00C04F79EFBC}") = "BlazorTest.Client", "BlazorTest.Client\BlazorTest.Client.csproj", "{AB17EBC8-6A6C-4DEA-BDB9-869550E1C527}"
EndProject
Project("{FAE04EC0-301F-11D3-BF4B-00C04F79EFBC}") = "BlazorTest.Shared", "BlazorTest.Shared\BlazorTest.Shared.csproj", "{92D3B071-C807-4F9B-99AA-52340C208C11}"
EndProject
Global
	GlobalSection(SolutionConfigurationPlatforms) = preSolution
		Debug|Any CPU = Debug|Any CPU
		Release|Any CPU = Release|Any CPU
	EndGlobalSection
	GlobalSection(ProjectConfigurationPlatforms) = postSolution
		{0074E7DB-618B-41DA-B383-17D1DFFAE7A0}.Debug|Any CPU.ActiveCfg = Debug|Any CPU
		{0074E7DB-618B-41DA-B383-17D1DFFAE7A0}.Debug|Any CPU.Build.0 = Debug|Any CPU
		{0074E7DB-618B-41DA-B383-17D1DFFAE7A0}.Release|Any CPU.ActiveCfg = Release|Any CPU
		{0074E7DB-618B-41DA-B383-17D1DFFAE7A0}.Release|Any CPU.Build.0 = Release|Any CPU
		{AB17EBC8-6A6C-4DEA-BDB9-869550E1C527}.Debug|Any CPU.ActiveCfg = Debug|Any CPU
		{AB17EBC8-6A6C-4DEA-BDB9-869550E1C527}.Debug|Any CPU.Build.0 = Debug|Any CPU
		{AB17EBC8-6A6C-4DEA-BDB9-869550E1C527}.Release|Any CPU.ActiveCfg = Release|Any CPU
		{AB17EBC8-6A6C-4DEA-BDB9-869550E1C527}.Release|Any CPU.Build.0 = Release|Any CPU
		{92D3B071-C807-4F9B-99AA-52340C208C11}.Debug|Any CPU.ActiveCfg = Debug|Any CPU
		{92D3B071-C807-4F9B-99AA-52340C208C11}.Debug|Any CPU.Build.0 = Debug|Any CPU
		{92D3B071-C807-4F9B-99AA-52340C208C11}.Release|Any CPU.ActiveCfg = Release|Any CPU
		{92D3B071-C807-4F9B-99AA-52340C208C11}.Release|Any CPU.Build.0 = Release|Any CPU
	EndGlobalSection
	GlobalSection(SolutionProperties) = preSolution
		HideSolutionNode = FALSE
	EndGlobalSection
	GlobalSection(ExtensibilityGlobals) = postSolution
		SolutionGuid = {DE73EFD2-F2AC-4F9B-9443-3F85F589B54F}
	EndGlobalSection
EndGlobal
